hash: 3d1bf33ff2caa3b0e4dcc2a24d69fb4c9a56ab3050a9222022f4971887b20844
updated: 2019-08-04T10:24:30.56656+01:00
imports:
- name: github.com/bmaupin/go-epub
  version: b0d6f6177144172d3c6e276158107c4c3cef0f07
- name: github.com/go-shiori/go-readability
  version: b940ed0ce3294bd17d0d8869009cda348eac8fb5
- name: github.com/gofrs/uuid
  version: abfe1881e60ef34074c1b8d8c63b42565c356ed6
- name: github.com/konsorten/go-windows-terminal-sequences
  version: f55edac94c9bbba5d6182a4be46d86a2c9b5b50e
- name: github.com/sirupsen/logrus
  version: 07a84ee7412e7a28663d92930a1d46f81b124ee1
- name: golang.org/x/net
  version: ca1201d0de80cfde86cb01aea620983605dfe99b
  subpackages:
  - html
  - html/atom
- name: golang.org/x/sys
  version: 2953c62de483abe29031e197e72d3b7061f65f91
  subpackages:
  - unix
testImports: []
